
Microsoft Visual Studio Solution File, Format Version 12.00
# Visual Studio 2012
Project("{FAE04EC0-301F-11D3-BF4B-00C04F79EFBC}") = "iMongoDbRepository", "iMongoDbRepository\iMongoDbRepository.csproj", "{5109234A-21EB-413E-BD5B-0B909E72825E}"
EndProject
Global
	GlobalSection(SolutionConfigurationPlatforms) = preSolution
		Debug|Any CPU = Debug|Any CPU
		Release|Any CPU = Release|Any CPU
	EndGlobalSection
	GlobalSection(ProjectConfigurationPlatforms) = postSolution
		{5109234A-21EB-413E-BD5B-0B909E72825E}.Debug|Any CPU.ActiveCfg = Debug|Any CPU
		{5109234A-21EB-413E-BD5B-0B909E72825E}.Debug|Any CPU.Build.0 = Debug|Any CPU
		{5109234A-21EB-413E-BD5B-0B909E72825E}.Release|Any CPU.ActiveCfg = Release|Any CPU
		{5109234A-21EB-413E-BD5B-0B909E72825E}.Release|Any CPU.Build.0 = Release|Any CPU
	EndGlobalSection
EndGlobal
